
Microsoft Visual Studio Solution File, Format Version 12.00
# Visual Studio 15
VisualStudioVersion = 15.0.27019.1
MinimumVisualStudioVersion = 10.0.40219.1
Project("{9A19103F-16F7-4668-BE54-9A1E7A4F7556}") = "MainWebApplication", "MainWebApplication\MainWebApplication.csproj", "{E82C3A27-C152-4141-B046-4A6C9B73AA60}"
EndProject
Project("{FAE04EC0-301F-11D3-BF4B-00C04F79EFBC}") = "XUnitTestProject", "XUnitTestProject\XUnitTestProject.csproj", "{7D8386D1-C965-4135-BEF8-64E3BCE8F2D2}"
EndProject
Global
	GlobalSection(SolutionConfigurationPlatforms) = preSolution
		Debug|Any CPU = Debug|Any CPU
		Release|Any CPU = Release|Any CPU
	EndGlobalSection
	GlobalSection(ProjectConfigurationPlatforms) = postSolution
		{E82C3A27-C152-4141-B046-4A6C9B73AA60}.Debug|Any CPU.ActiveCfg = Debug|Any CPU
		{E82C3A27-C152-4141-B046-4A6C9B73AA60}.Debug|Any CPU.Build.0 = Debug|Any CPU
		{E82C3A27-C152-4141-B046-4A6C9B73AA60}.Release|Any CPU.ActiveCfg = Release|Any CPU
		{E82C3A27-C152-4141-B046-4A6C9B73AA60}.Release|Any CPU.Build.0 = Release|Any CPU
		{7D8386D1-C965-4135-BEF8-64E3BCE8F2D2}.Debug|Any CPU.ActiveCfg = Debug|Any CPU
		{7D8386D1-C965-4135-BEF8-64E3BCE8F2D2}.Debug|Any CPU.Build.0 = Debug|Any CPU
		{7D8386D1-C965-4135-BEF8-64E3BCE8F2D2}.Release|Any CPU.ActiveCfg = Release|Any CPU
		{7D8386D1-C965-4135-BEF8-64E3BCE8F2D2}.Release|Any CPU.Build.0 = Release|Any CPU
	EndGlobalSection
	GlobalSection(SolutionProperties) = preSolution
		HideSolutionNode = FALSE
	EndGlobalSection
	GlobalSection(ExtensibilityGlobals) = postSolution
		SolutionGuid = {C67047F6-B2BE-44D9-981D-7B5F84C0196E}
	EndGlobalSection
EndGlobal
